
Microsoft Visual Studio Solution File, Format Version 12.00
# Visual Studio 15
VisualStudioVersion = 15.0.26430.14
MinimumVisualStudioVersion = 10.0.40219.1
Project("{FAE04EC0-301F-11D3-BF4B-00C04F79EFBC}") = "SudokuSolver.Core", "SudokuSolver.Core\SudokuSolver.Core.csproj", "{88CA63E1-8EC6-4D09-92CB-FA5E5E1D9F62}"
EndProject
Project("{FAE04EC0-301F-11D3-BF4B-00C04F79EFBC}") = "SudokuSolver.Core.Tests", "SudokuSolver.Core.Tests\SudokuSolver.Core.Tests.csproj", "{C5E59BE2-FFB9-47CF-8292-FFC19FD0C011}"
EndProject
Project("{FAE04EC0-301F-11D3-BF4B-00C04F79EFBC}") = "SudokuSolver.UI", "SudokuSolver.UI\SudokuSolver.UI.csproj", "{69B7AEEC-A4C5-4DBD-AACA-4EDC82F6537E}"
EndProject
Global
	GlobalSection(Performance) = preSolution
		HasPerformanceSessions = true
	EndGlobalSection
	GlobalSection(SolutionConfigurationPlatforms) = preSolution
		Debug|Any CPU = Debug|Any CPU
		Release|Any CPU = Release|Any CPU
	EndGlobalSection
	GlobalSection(ProjectConfigurationPlatforms) = postSolution
		{88CA63E1-8EC6-4D09-92CB-FA5E5E1D9F62}.Debug|Any CPU.ActiveCfg = Debug|Any CPU
		{88CA63E1-8EC6-4D09-92CB-FA5E5E1D9F62}.Debug|Any CPU.Build.0 = Debug|Any CPU
		{88CA63E1-8EC6-4D09-92CB-FA5E5E1D9F62}.Release|Any CPU.ActiveCfg = Release|Any CPU
		{88CA63E1-8EC6-4D09-92CB-FA5E5E1D9F62}.Release|Any CPU.Build.0 = Release|Any CPU
		{C5E59BE2-FFB9-47CF-8292-FFC19FD0C011}.Debug|Any CPU.ActiveCfg = Debug|Any CPU
		{C5E59BE2-FFB9-47CF-8292-FFC19FD0C011}.Debug|Any CPU.Build.0 = Debug|Any CPU
		{C5E59BE2-FFB9-47CF-8292-FFC19FD0C011}.Release|Any CPU.ActiveCfg = Release|Any CPU
		{C5E59BE2-FFB9-47CF-8292-FFC19FD0C011}.Release|Any CPU.Build.0 = Release|Any CPU
		{69B7AEEC-A4C5-4DBD-AACA-4EDC82F6537E}.Debug|Any CPU.ActiveCfg = Debug|Any CPU
		{69B7AEEC-A4C5-4DBD-AACA-4EDC82F6537E}.Debug|Any CPU.Build.0 = Debug|Any CPU
		{69B7AEEC-A4C5-4DBD-AACA-4EDC82F6537E}.Release|Any CPU.ActiveCfg = Release|Any CPU
		{69B7AEEC-A4C5-4DBD-AACA-4EDC82F6537E}.Release|Any CPU.Build.0 = Release|Any CPU
	EndGlobalSection
	GlobalSection(SolutionProperties) = preSolution
		HideSolutionNode = FALSE
	EndGlobalSection
	GlobalSection(Performance) = preSolution
		HasPerformanceSessions = true
	EndGlobalSection
	GlobalSection(Performance) = preSolution
		HasPerformanceSessions = true
	EndGlobalSection
EndGlobal
